
Microsoft Visual Studio Solution File, Format Version 12.00
# Visual Studio Version 17
VisualStudioVersion = 17.3.32929.385
MinimumVisualStudioVersion = 10.0.40219.1
Project("{FAE04EC0-301F-11D3-BF4B-00C04F79EFBC}") = "Quanlybanvemaybay1", "Quanlybanvemaybay1.csproj", "{F862BDF9-0404-43EF-9C9D-F051083AF3CE}"
EndProject
Global
	GlobalSection(SolutionConfigurationPlatforms) = preSolution
		Debug|Any CPU = Debug|Any CPU
		Release|Any CPU = Release|Any CPU
	EndGlobalSection
	GlobalSection(ProjectConfigurationPlatforms) = postSolution
		{F862BDF9-0404-43EF-9C9D-F051083AF3CE}.Debug|Any CPU.ActiveCfg = Debug|Any CPU
		{F862BDF9-0404-43EF-9C9D-F051083AF3CE}.Debug|Any CPU.Build.0 = Debug|Any CPU
		{F862BDF9-0404-43EF-9C9D-F051083AF3CE}.Release|Any CPU.ActiveCfg = Release|Any CPU
		{F862BDF9-0404-43EF-9C9D-F051083AF3CE}.Release|Any CPU.Build.0 = Release|Any CPU
	EndGlobalSection
	GlobalSection(SolutionProperties) = preSolution
		HideSolutionNode = FALSE
	EndGlobalSection
	GlobalSection(ExtensibilityGlobals) = postSolution
		SolutionGuid = {4876ABB6-3976-493F-82BD-A7061E7F9F4D}
	EndGlobalSection
EndGlobal
